
Microsoft Visual Studio Solution File, Format Version 12.00
# Visual Studio Version 17
VisualStudioVersion = 17.14.37012.4 d17.14
MinimumVisualStudioVersion = 10.0.40219.1
Project("{FAE04EC0-301F-11D3-BF4B-00C04F79EFBC}") = "EventHub", "EventHub\EventHub.csproj", "{882518CB-C37D-44DE-96FF-B67DC947DA4D}"
EndProject
Global
	GlobalSection(SolutionConfigurationPlatforms) = preSolution
		Debug|Any CPU = Debug|Any CPU
		Release|Any CPU = Release|Any CPU
	EndGlobalSection
	GlobalSection(ProjectConfigurationPlatforms) = postSolution
		{882518CB-C37D-44DE-96FF-B67DC947DA4D}.Debug|Any CPU.ActiveCfg = Debug|Any CPU
		{882518CB-C37D-44DE-96FF-B67DC947DA4D}.Debug|Any CPU.Build.0 = Debug|Any CPU
		{882518CB-C37D-44DE-96FF-B67DC947DA4D}.Release|Any CPU.ActiveCfg = Release|Any CPU
		{882518CB-C37D-44DE-96FF-B67DC947DA4D}.Release|Any CPU.Build.0 = Release|Any CPU
	EndGlobalSection
	GlobalSection(SolutionProperties) = preSolution
		HideSolutionNode = FALSE
	EndGlobalSection
	GlobalSection(ExtensibilityGlobals) = postSolution
		SolutionGuid = {943EE54A-4C9E-4295-8BC4-53CB8B4D2DF3}
	EndGlobalSection
EndGlobal
